
Microsoft Visual Studio Solution File, Format Version 12.00
Project("{FAE04EC0-301F-11D3-BF4B-00C04F79EFBC}") = "AdvancedUI", "AdvancedUI.csproj", "{19664938-B6E4-4A9E-9164-22D734A82441}"
EndProject
Global
	GlobalSection(SolutionConfigurationPlatforms) = preSolution
		Debug|Any CPU = Debug|Any CPU
		Release|Any CPU = Release|Any CPU
	EndGlobalSection
	GlobalSection(ProjectConfigurationPlatforms) = postSolution
		{19664938-B6E4-4A9E-9164-22D734A82441}.Debug|Any CPU.ActiveCfg = Debug|Any CPU
		{19664938-B6E4-4A9E-9164-22D734A82441}.Debug|Any CPU.Build.0 = Debug|Any CPU
		{19664938-B6E4-4A9E-9164-22D734A82441}.Release|Any CPU.ActiveCfg = Release|Any CPU
		{19664938-B6E4-4A9E-9164-22D734A82441}.Release|Any CPU.Build.0 = Release|Any CPU
	EndGlobalSection
EndGlobal
